// !$*UTF8*$!
{
	archiveVersion = 1;
	classes = {
	};
	objectVersion = 46;
	objects = {

/* Begin PBXBuildFile section */
		47800E2F1E26D60C00CB42D0 /* AppDelegate.swift in Sources */ = {isa = PBXBuildFile; fileRef = 47800E2E1E26D60C00CB42D0 /* AppDelegate.swift */; };
		47800E311E26D60C00CB42D0 /* ViewController.swift in Sources */ = {isa = PBXBuildFile; fileRef = 47800E301E26D60C00CB42D0 /* ViewController.swift */; };
		47800E341E26D60C00CB42D0 /* Main.storyboard in Resources */ = {isa = PBXBuildFile; fileRef = 47800E321E26D60C00CB42D0 /* Main.storyboard */; };
		47800E361E26D60C00CB42D0 /* Assets.xcassets in Resources */ = {isa = PBXBuildFile; fileRef = 47800E351E26D60C00CB42D0 /* Assets.xcassets */; };
		47800E391E26D60C00CB42D0 /* LaunchScreen.storyboard in Resources */ = {isa = PBXBuildFile; fileRef = 47800E371E26D60C00CB42D0 /* LaunchScreen.storyboard */; };
		47800E441E26D60C00CB42D0 /* HelloWorldTests.swift in Sources */ = {isa = PBXBuildFile; fileRef = 47800E431E26D60C00CB42D0 /* HelloWorldTests.swift */; };
		47800E4F1E26D60C00CB42D0 /* HelloWorldUITests.swift in Sources */ = {isa = PBXBuildFile; fileRef = 47800E4E1E26D60C00CB42D0 /* HelloWorldUITests.swift */; };
/* End PBXBuildFile section */

/* Begin PBXContainerItemProxy section */
		47800E401E26D60C00CB42D0 /* PBXContainerItemProxy */ = {
			isa = PBXContainerItemProxy;
			containerPortal = 47800E231E26D60C00CB42D0 /* Project object */;
			proxyType = 1;
			remoteGlobalIDString = 47800E2A1E26D60C00CB42D0;
			remoteInfo = HelloWorld;
		};
		47800E4B1E26D60C00CB42D0 /* PBXContainerItemProxy */ = {
			isa = PBXContainerItemProxy;
			containerPortal = 47800E231E26D60C00CB42D0 /* Project object */;
			proxyType = 1;
			remoteGlobalIDString = 47800E2A1E26D60C00CB42D0;
			remoteInfo = HelloWorld;
		};
/* End PBXContainerItemProxy section */

/* Begin PBXFileReference section */
		47800E2B1E26D60C00CB42D0 /* HelloWorld.app */ = {isa = PBXFileReference; explicitFileType = wrapper.application; includeInIndex = 0; path = HelloWorld.app; sourceTree = BUILT_PRODUCTS_DIR; };
		47800E2E1E26D60C00CB42D0 /* AppDelegate.swift */ = {isa = PBXFileReference; lastKnownFileType = sourcecode.swift; path = AppDelegate.swift; sourceTree = "<group>"; };
		47800E301E26D60C00CB42D0 /* ViewController.swift */ = {isa = PBXFileReference; lastKnownFileType = sourcecode.swift; path = ViewController.swift; sourceTree = "<group>"; };
		47800E331E26D60C00CB42D0 /* Base */ = {isa = PBXFileReference; lastKnownFileType = file.storyboard; name = Base; path = Base.lproj/Main.storyboard; sourceTree = "<group>"; };
		47800E351E26D60C00CB42D0 /* Assets.xcassets */ = {isa = PBXFileReference; lastKnownFileType = folder.assetcatalog; path = Assets.xcassets; sourceTree = "<group>"; };
		47800E381E26D60C00CB42D0 /* Base */ = {isa = PBXFileReference; lastKnownFileType = file.storyboard; name = Base; path = Base.lproj/LaunchScreen.storyboard; sourceTree = "<group>"; };
		47800E3A1E26D60C00CB42D0 /* Info.plist */ = {isa = PBXFileReference; lastKnownFileType = text.plist.xml; path = Info.plist; sourceTree = "<group>"; };
		47800E3F1E26D60C00CB42D0 /* HelloWorldTests.xctest */ = {isa = PBXFileReference; explicitFileType = wrapper.cfbundle; includeInIndex = 0; path = HelloWorldTests.xctest; sourceTree = BUILT_PRODUCTS_DIR; };
		47800E431E26D60C00CB42D0 /* HelloWorldTests.swift */ = {isa = PBXFileReference; lastKnownFileType = sourcecode.swift; path = HelloWorldTests.swift; sourceTree = "<group>"; };
		47800E451E26D60C00CB42D0 /* Info.plist */ = {isa = PBXFileReference; lastKnownFileType = text.plist.xml; path = Info.plist; sourceTree = "<group>"; };
		47800E4A1E26D60C00CB42D0 /* HelloWorldUITests.xctest */ = {isa = PBXFileReference; explicitFileType = wrapper.cfbundle; includeInIndex = 0; path = HelloWorldUITests.xctest; sourceTree = BUILT_PRODUCTS_DIR; };
		47800E4E1E26D60C00CB42D0 /* HelloWorldUITests.swift */ = {isa = PBXFileReference; lastKnownFileType = sourcecode.swift; path = HelloWorldUITests.swift; sourceTree = "<group>"; };
		47800E501E26D60C00CB42D0 /* Info.plist */ = {isa = PBXFileReference; lastKnownFileType = text.plist.xml; path = Info.plist; sourceTree = "<group>"; };
/* End PBXFileReference section */

/* Begin PBXFrameworksBuildPhase section */
		47800E281E26D60C00CB42D0 /* Frameworks */ = {
			isa = PBXFrameworksBuildPhase;
			buildActionMask = 2147483647;
			files = (
			);
			runOnlyForDeploymentPostprocessing = 0;
		};
		47800E3C1E26D60C00CB42D0 /* Frameworks */ = {
			isa = PBXFrameworksBuildPhase;
			buildActionMask = 2147483647;
			files = (
			);
			runOnlyForDeploymentPostprocessing = 0;
		};
		47800E471E26D60C00CB42D0 /* Frameworks */ = {
			isa = PBXFrameworksBuildPhase;
			buildActionMask = 2147483647;
			files = (
			);
			runOnlyForDeploymentPostprocessing = 0;
		};
/* End PBXFrameworksBuildPhase section */

/* Begin PBXGroup section */
		47800E221E26D60C00CB42D0 = {
			isa = PBXGroup;
			children = (
				47800E2D1E26D60C00CB42D0 /* HelloWorld */,
				47800E421E26D60C00CB42D0 /* HelloWorldTests */,
				47800E4D1E26D60C00CB42D0 /* HelloWorldUITests */,
				47800E2C1E26D60C00CB42D0 /* Products */,
			);
			sourceTree = "<group>";
		};
		47800E2C1E26D60C00CB42D0 /* Products */ = {
			isa = PBXGroup;
			children = (
				47800E2B1E26D60C00CB42D0 /* HelloWorld.app */,
				47800E3F1E26D60C00CB42D0 /* HelloWorldTests.xctest */,
				47800E4A1E26D60C00CB42D0 /* HelloWorldUITests.xctest */,
			);
			name = Products;
			sourceTree = "<group>";
		};
		47800E2D1E26D60C00CB42D0 /* HelloWorld */ = {
			isa = PBXGroup;
			children = (
				47800E2E1E26D60C00CB42D0 /* AppDelegate.swift */,
				47800E301E26D60C00CB42D0 /* ViewController.swift */,
				47800E321E26D60C00CB42D0 /* Main.storyboard */,
				47800E351E26D60C00CB42D0 /* Assets.xcassets */,
				47800E371E26D60C00CB42D0 /* LaunchScreen.storyboard */,
				47800E3A1E26D60C00CB42D0 /* Info.plist */,
			);
			path = HelloWorld;
			sourceTree = "<group>";
		};
		47800E421E26D60C00CB42D0 /* HelloWorldTests */ = {
			isa = PBXGroup;
			children = (
				47800E431E26D60C00CB42D0 /* HelloWorldTests.swift */,
				47800E451E26D60C00CB42D0 /* Info.plist */,
			);
			path = HelloWorldTests;
			sourceTree = "<group>";
		};
		47800E4D1E26D60C00CB42D0 /* HelloWorldUITests */ = {
			isa = PBXGroup;
			children = (
				47800E4E1E26D60C00CB42D0 /* HelloWorldUITests.swift */,
				47800E501E26D60C00CB42D0 /* Info.plist */,
			);
			path = HelloWorldUITests;
			sourceTree = "<group>";
		};
/* End PBXGroup section */

/* Begin PBXNativeTarget section */
		47800E2A1E26D60C00CB42D0 /* HelloWorld */ = {
			isa = PBXNativeTarget;
			buildConfigurationList = 47800E531E26D60C00CB42D0 /* Build configuration list for PBXNativeTarget "HelloWorld" */;
			buildPhases = (
				47800E271E26D60C00CB42D0 /* Sources */,
				47800E281E26D60C00CB42D0 /* Frameworks */,
				47800E291E26D60C00CB42D0 /* Resources */,
			);
			buildRules = (
			);
			dependencies = (
			);
			name = HelloWorld;
			productName = HelloWorld;
			productReference = 47800E2B1E26D60C00CB42D0 /* HelloWorld.app */;
			productType = "com.apple.product-type.application";
		};
		47800E3E1E26D60C00CB42D0 /* HelloWorldTests */ = {
			isa = PBXNativeTarget;
			buildConfigurationList = 47800E561E26D60C00CB42D0 /* Build configuration list for PBXNativeTarget "HelloWorldTests" */;
			buildPhases = (
				47800E3B1E26D60C00CB42D0 /* Sources */,
				47800E3C1E26D60C00CB42D0 /* Frameworks */,
				47800E3D1E26D60C00CB42D0 /* Resources */,
			);
			buildRules = (
			);
			dependencies = (
				47800E411E26D60C00CB42D0 /* PBXTargetDependency */,
			);
			name = HelloWorldTests;
			productName = HelloWorldTests;
			productReference = 47800E3F1E26D60C00CB42D0 /* HelloWorldTests.xctest */;
			productType = "com.apple.product-type.bundle.unit-test";
		};
		47800E491E26D60C00CB42D0 /* HelloWorldUITests */ = {
			isa = PBXNativeTarget;
			buildConfigurationList = 47800E591E26D60C00CB42D0 /* Build configuration list for PBXNativeTarget "HelloWorldUITests" */;
			buildPhases = (
				47800E461E26D60C00CB42D0 /* Sources */,
				47800E471E26D60C00CB42D0 /* Frameworks */,
				47800E481E26D60C00CB42D0 /* Resources */,
			);
			buildRules = (
			);
			dependencies = (
				47800E4C1E26D60C00CB42D0 /* PBXTargetDependency */,
			);
			name = HelloWorldUITests;
			productName = HelloWorldUITests;
			productReference = 47800E4A1E26D60C00CB42D0 /* HelloWorldUITests.xctest */;
			productType = "com.apple.product-type.bundle.ui-testing";
		};
/* End PBXNativeTarget section */

/* Begin PBXProject section */
		47800E231E26D60C00CB42D0 /* Project object */ = {
			isa = PBXProject;
			attributes = {
				LastSwiftUpdateCheck = 0810;
				LastUpgradeCheck = 0810;
				ORGANIZATIONNAME = "ugur's mac";
				TargetAttributes = {
					47800E2A1E26D60C00CB42D0 = {
						CreatedOnToolsVersion = 8.1;
						ProvisioningStyle = Automatic;
					};
					47800E3E1E26D60C00CB42D0 = {
						CreatedOnToolsVersion = 8.1;
						ProvisioningStyle = Automatic;
						TestTargetID = 47800E2A1E26D60C00CB42D0;
					};
					47800E491E26D60C00CB42D0 = {
						CreatedOnToolsVersion = 8.1;
						ProvisioningStyle = Automatic;
						TestTargetID = 47800E2A1E26D60C00CB42D0;
					};
				};
			};
			buildConfigurationList = 47800E261E26D60C00CB42D0 /* Build configuration list for PBXProject "HelloWorld" */;
			compatibilityVersion = "Xcode 3.2";
			developmentRegion = English;
			hasScannedForEncodings = 0;
			knownRegions = (
				en,
				Base,
			);
			mainGroup = 47800E221E26D60C00CB42D0;
			productRefGroup = 47800E2C1E26D60C00CB42D0 /* Products */;
			projectDirPath = "";
			projectRoot = "";
			targets = (
				47800E2A1E26D60C00CB42D0 /* HelloWorld */,
				47800E3E1E26D60C00CB42D0 /* HelloWorldTests */,
				47800E491E26D60C00CB42D0 /* HelloWorldUITests */,
			);
		};
/* End PBXProject section */

/* Begin PBXResourcesBuildPhase section */
		47800E291E26D60C00CB42D0 /* Resources */ = {
			isa = PBXResourcesBuildPhase;
			buildActionMask = 2147483647;
			files = (
				47800E391E26D60C00CB42D0 /* LaunchScreen.storyboard in Resources */,
				47800E361E26D60C00CB42D0 /* Assets.xcassets in Resources */,
				47800E341E26D60C00CB42D0 /* Main.storyboard in Resources */,
			);
			runOnlyForDeploymentPostprocessing = 0;
		};
		47800E3D1E26D60C00CB42D0 /* Resources */ = {
			isa = PBXResourcesBuildPhase;
			buildActionMask = 2147483647;
			files = (
			);
			runOnlyForDeploymentPostprocessing = 0;
		};
		47800E481E26D60C00CB42D0 /* Resources */ = {
			isa = PBXResourcesBuildPhase;
			buildActionMask = 2147483647;
			files = (
			);
			runOnlyForDeploymentPostprocessing = 0;
		};
/* End PBXResourcesBuildPhase section */

/* Begin PBXSourcesBuildPhase section */
		47800E271E26D60C00CB42D0 /* Sources */ = {
			isa = PBXSourcesBuildPhase;
			buildActionMask = 2147483647;
			files = (
				47800E311E26D60C00CB42D0 /* ViewController.swift in Sources */,
				47800E2F1E26D60C00CB42D0 /* AppDelegate.swift in Sources */,
			);
			runOnlyForDeploymentPostprocessing = 0;
		};
		47800E3B1E26D60C00CB42D0 /* Sources */ = {
			isa = PBXSourcesBuildPhase;
			buildActionMask = 2147483647;
			files = (
				47800E441E26D60C00CB42D0 /* HelloWorldTests.swift in Sources */,
			);
			runOnlyForDeploymentPostprocessing = 0;
		};
		47800E461E26D60C00CB42D0 /* Sources */ = {
			isa = PBXSourcesBuildPhase;
			buildActionMask = 2147483647;
			files = (
				47800E4F1E26D60C00CB42D0 /* HelloWorldUITests.swift in Sources */,
			);
			runOnlyForDeploymentPostprocessing = 0;
		};
/* End PBXSourcesBuildPhase section */

/* Begin PBXTargetDependency section */
		47800E411E26D60C00CB42D0 /* PBXTargetDependency */ = {
			isa = PBXTargetDependency;
			target = 47800E2A1E26D60C00CB42D0 /* HelloWorld */;
			targetProxy = 47800E401E26D60C00CB42D0 /* PBXContainerItemProxy */;
		};
		47800E4C1E26D60C00CB42D0 /* PBXTargetDependency */ = {
			isa = PBXTargetDependency;
			target = 47800E2A1E26D60C00CB42D0 /* HelloWorld */;
			targetProxy = 47800E4B1E26D60C00CB42D0 /* PBXContainerItemProxy */;
		};
/* End PBXTargetDependency section */

/* Begin PBXVariantGroup section */
		47800E321E26D60C00CB42D0 /* Main.storyboard */ = {
			isa = PBXVariantGroup;
			children = (
				47800E331E26D60C00CB42D0 /* Base */,
			);
			name = Main.storyboard;
			sourceTree = "<group>";
		};
		47800E371E26D60C00CB42D0 /* LaunchScreen.storyboard */ = {
			isa = PBXVariantGroup;
			children = (
				47800E381E26D60C00CB42D0 /* Base */,
			);
			name = LaunchScreen.storyboard;
			sourceTree = "<group>";
		};
/* End PBXVariantGroup section */

/* Begin XCBuildConfiguration section */
		47800E511E26D60C00CB42D0 /* Debug */ = {
			isa = XCBuildConfiguration;
			buildSettings = {
				ALWAYS_SEARCH_USER_PATHS = NO;
				CLANG_ANALYZER_NONNULL = YES;
				CLANG_CXX_LANGUAGE_STANDARD = "gnu++0x";
				CLANG_CXX_LIBRARY = "libc++";
				CLANG_ENABLE_MODULES = YES;
				CLANG_ENABLE_OBJC_ARC = YES;
				CLANG_WARN_BOOL_CONVERSION = YES;
				CLANG_WARN_CONSTANT_CONVERSION = YES;
				CLANG_WARN_DIRECT_OBJC_ISA_USAGE = YES_ERROR;
				CLANG_WARN_DOCUMENTATION_COMMENTS = YES;
				CLANG_WARN_EMPTY_BODY = YES;
				CLANG_WARN_ENUM_CONVERSION = YES;
				CLANG_WARN_INFINITE_RECURSION = YES;
				CLANG_WARN_INT_CONVERSION = YES;
				CLANG_WARN_OBJC_ROOT_CLASS = YES_ERROR;
				CLANG_WARN_SUSPICIOUS_MOVES = YES;
				CLANG_WARN_UNREACHABLE_CODE = YES;
				CLANG_WARN__DUPLICATE_METHOD_MATCH = YES;
				"CODE_SIGN_IDENTITY[sdk=iphoneos*]" = "iPhone Developer";
				COPY_PHASE_STRIP = NO;
				DEBUG_INFORMATION_FORMAT = dwarf;
				ENABLE_STRICT_OBJC_MSGSEND = YES;
				ENABLE_TESTABILITY = YES;
				GCC_C_LANGUAGE_STANDARD = gnu99;
				GCC_DYNAMIC_NO_PIC = NO;
				GCC_NO_COMMON_BLOCKS = YES;
				GCC_OPTIMIZATION_LEVEL = 0;
				GCC_PREPROCESSOR_DEFINITIONS = (
					"DEBUG=1",
					"$(inherited)",
				);
				GCC_WARN_64_TO_32_BIT_CONVERSION = YES;
				GCC_WARN_ABOUT_RETURN_TYPE = YES_ERROR;
				GCC_WARN_UNDECLARED_SELECTOR = YES;
				GCC_WARN_UNINITIALIZED_AUTOS = YES_AGGRESSIVE;
				GCC_WARN_UNUSED_FUNCTION = YES;
				GCC_WARN_UNUSED_VARIABLE = YES;
				IPHONEOS_DEPLOYMENT_TARGET = 10.1;
				MTL_ENABLE_DEBUG_INFO = YES;
				ONLY_ACTIVE_ARCH = YES;
				SDKROOT = iphoneos;
				SWIFT_ACTIVE_COMPILATION_CONDITIONS = DEBUG;
				SWIFT_OPTIMIZATION_LEVEL = "-Onone";
				TARGETED_DEVICE_FAMILY = "1,2";
			};
			name = Debug;
		};
		47800E521E26D60C00CB42D0 /* Release */ = {
			isa = XCBuildConfiguration;
			buildSettings = {
				ALWAYS_SEARCH_USER_PATHS = NO;
				CLANG_ANALYZER_NONNULL = YES;
				CLANG_CXX_LANGUAGE_STANDARD = "gnu++0x";
				CLANG_CXX_LIBRARY = "libc++";
				CLANG_ENABLE_MODULES = YES;
				CLANG_ENABLE_OBJC_ARC = YES;
				CLANG_WARN_BOOL_CONVERSION = YES;
				CLANG_WARN_CONSTANT_CONVERSION = YES;
				CLANG_WARN_DIRECT_OBJC_ISA_USAGE = YES_ERROR;
				CLANG_WARN_DOCUMENTATION_COMMENTS = YES;
				CLANG_WARN_EMPTY_BODY = YES;
				CLANG_WARN_ENUM_CONVERSION = YES;
				CLANG_WARN_INFINITE_RECURSION = YES;
				CLANG_WARN_INT_CONVERSION = YES;
				CLANG_WARN_OBJC_ROOT_CLASS = YES_ERROR;
				CLANG_WARN_SUSPICIOUS_MOVES = YES;
				CLANG_WARN_UNREACHABLE_CODE = YES;
				CLANG_WARN__DUPLICATE_METHOD_MATCH = YES;
				"CODE_SIGN_IDENTITY[sdk=iphoneos*]" = "iPhone Developer";
				COPY_PHASE_STRIP = NO;
				DEBUG_INFORMATION_FORMAT = "dwarf-with-dsym";
				ENABLE_NS_ASSERTIONS = NO;
				ENABLE_STRICT_OBJC_MSGSEND = YES;
				GCC_C_LANGUAGE_STANDARD = gnu99;
				GCC_NO_COMMON_BLOCKS = YES;
				GCC_WARN_64_TO_32_BIT_CONVERSION = YES;
				GCC_WARN_ABOUT_RETURN_TYPE = YES_ERROR;
				GCC_WARN_UNDECLARED_SELECTOR = YES;
				GCC_WARN_UNINITIALIZED_AUTOS = YES_AGGRESSIVE;
				GCC_WARN_UNUSED_FUNCTION = YES;
				GCC_WARN_UNUSED_VARIABLE = YES;
				IPHONEOS_DEPLOYMENT_TARGET = 10.1;
				MTL_ENABLE_DEBUG_INFO = NO;
				SDKROOT = iphoneos;
				SWIFT_OPTIMIZATION_LEVEL = "-Owholemodule";
				TARGETED_DEVICE_FAMILY = "1,2";
				VALIDATE_PRODUCT = YES;
			};
			name = Release;
		};
		47800E541E26D60C00CB42D0 /* Debug */ = {
			isa = XCBuildConfiguration;
			buildSettings = {
				ASSETCATALOG_COMPILER_APPICON_NAME = AppIcon;
				INFOPLIST_FILE = HelloWorld/Info.plist;
				LD_RUNPATH_SEARCH_PATHS = "$(inherited) @executable_path/Frameworks";
				PRODUCT_BUNDLE_IDENTIFIER = com.ugur.HelloWorld;
				PRODUCT_NAME = "$(TARGET_NAME)";
				SWIFT_VERSION = 3.0;
			};
			name = Debug;
		};
		47800E551E26D60C00CB42D0 /* Release */ = {
			isa = XCBuildConfiguration;
			buildSettings = {
				ASSETCATALOG_COMPILER_APPICON_NAME = AppIcon;
				INFOPLIST_FILE = HelloWorld/Info.plist;
				LD_RUNPATH_SEARCH_PATHS = "$(inherited) @executable_path/Frameworks";
				PRODUCT_BUNDLE_IDENTIFIER = com.ugur.HelloWorld;
				PRODUCT_NAME = "$(TARGET_NAME)";
				SWIFT_VERSION = 3.0;
			};
			name = Release;
		};
		47800E571E26D60C00CB42D0 /* Debug */ = {
			isa = XCBuildConfiguration;
			buildSettings = {
				ALWAYS_EMBED_SWIFT_STANDARD_LIBRARIES = YES;
				BUNDLE_LOADER = "$(TEST_HOST)";
				INFOPLIST_FILE = HelloWorldTests/Info.plist;
				LD_RUNPATH_SEARCH_PATHS = "$(inherited) @executable_path/Frameworks @loader_path/Frameworks";
				PRODUCT_BUNDLE_IDENTIFIER = com.ugur.HelloWorldTests;
				PRODUCT_NAME = "$(TARGET_NAME)";
				SWIFT_VERSION = 3.0;
				TEST_HOST = "$(BUILT_PRODUCTS_DIR)/HelloWorld.app/HelloWorld";
			};
			name = Debug;
		};
		47800E581E26D60C00CB42D0 /* Release */ = {
			isa = XCBuildConfiguration;
			buildSettings = {
				ALWAYS_EMBED_SWIFT_STANDARD_LIBRARIES = YES;
				BUNDLE_LOADER = "$(TEST_HOST)";
				INFOPLIST_FILE = HelloWorldTests/Info.plist;
				LD_RUNPATH_SEARCH_PATHS = "$(inherited) @executable_path/Frameworks @loader_path/Frameworks";
				PRODUCT_BUNDLE_IDENTIFIER = com.ugur.HelloWorldTests;
				PRODUCT_NAME = "$(TARGET_NAME)";
				SWIFT_VERSION = 3.0;
				TEST_HOST = "$(BUILT_PRODUCTS_DIR)/HelloWorld.app/HelloWorld";
			};
			name = Release;
		};
		47800E5A1E26D60C00CB42D0 /* Debug */ = {
			isa = XCBuildConfiguration;
			buildSettings = {
				ALWAYS_EMBED_SWIFT_STANDARD_LIBRARIES = YES;
				INFOPLIST_FILE = HelloWorldUITests/Info.plist;
				LD_RUNPATH_SEARCH_PATHS = "$(inherited) @executable_path/Frameworks @loader_path/Frameworks";
				PRODUCT_BUNDLE_IDENTIFIER = com.ugur.HelloWorldUITests;
				PRODUCT_NAME = "$(TARGET_NAME)";
				SWIFT_VERSION = 3.0;
				TEST_TARGET_NAME = HelloWorld;
			};
			name = Debug;
		};
		47800E5B1E26D60C00CB42D0 /* Release */ = {
			isa = XCBuildConfiguration;
			buildSettings = {
				ALWAYS_EMBED_SWIFT_STANDARD_LIBRARIES = YES;
				INFOPLIST_FILE = HelloWorldUITests/Info.plist;
				LD_RUNPATH_SEARCH_PATHS = "$(inherited) @executable_path/Frameworks @loader_path/Frameworks";
				PRODUCT_BUNDLE_IDENTIFIER = com.ugur.HelloWorldUITests;
				PRODUCT_NAME = "$(TARGET_NAME)";
				SWIFT_VERSION = 3.0;
				TEST_TARGET_NAME = HelloWorld;
			};
			name = Release;
		};
/* End XCBuildConfiguration section */

/* Begin XCConfigurationList section */
		47800E261E26D60C00CB42D0 /* Build configuration list for PBXProject "HelloWorld" */ = {
			isa = XCConfigurationList;
			buildConfigurations = (
				47800E511E26D60C00CB42D0 /* Debug */,
				47800E521E26D60C00CB42D0 /* Release */,
			);
			defaultConfigurationIsVisible = 0;
			defaultConfigurationName = Release;
		};
		47800E531E26D60C00CB42D0 /* Build configuration list for PBXNativeTarget "HelloWorld" */ = {
			isa = XCConfigurationList;
			buildConfigurations = (
				47800E541E26D60C00CB42D0 /* Debug */,
				47800E551E26D60C00CB42D0 /* Release */,
			);
			defaultConfigurationIsVisible = 0;
		};
		47800E561E26D60C00CB42D0 /* Build configuration list for PBXNativeTarget "HelloWorldTests" */ = {
			isa = XCConfigurationList;
			buildConfigurations = (
				47800E571E26D60C00CB42D0 /* Debug */,
				47800E581E26D60C00CB42D0 /* Release */,
			);
			defaultConfigurationIsVisible = 0;
		};
		47800E591E26D60C00CB42D0 /* Build configuration list for PBXNativeTarget "HelloWorldUITests" */ = {
			isa = XCConfigurationList;
			buildConfigurations = (
				47800E5A1E26D60C00CB42D0 /* Debug */,
				47800E5B1E26D60C00CB42D0 /* Release */,
			);
			defaultConfigurationIsVisible = 0;
		};
/* End XCConfigurationList section */
	};
	rootObject = 47800E231E26D60C00CB42D0 /* Project object */;
}
